
Microsoft Visual Studio Solution File, Format Version 12.00
# Visual Studio Version 17
VisualStudioVersion = 17.9.34701.34
MinimumVisualStudioVersion = 10.0.40219.1
Project("{FAE04EC0-301F-11D3-BF4B-00C04F79EFBC}") = "NLP", "NLP.csproj", "{6B614FBB-74A5-431E-8F1F-482AC72EB31C}"
EndProject
Global
	GlobalSection(SolutionConfigurationPlatforms) = preSolution
		Debug|Any CPU = Debug|Any CPU
		Release|Any CPU = Release|Any CPU
	EndGlobalSection
	GlobalSection(ProjectConfigurationPlatforms) = postSolution
		{6B614FBB-74A5-431E-8F1F-482AC72EB31C}.Debug|Any CPU.ActiveCfg = Debug|Any CPU
		{6B614FBB-74A5-431E-8F1F-482AC72EB31C}.Debug|Any CPU.Build.0 = Debug|Any CPU
		{6B614FBB-74A5-431E-8F1F-482AC72EB31C}.Release|Any CPU.ActiveCfg = Release|Any CPU
		{6B614FBB-74A5-431E-8F1F-482AC72EB31C}.Release|Any CPU.Build.0 = Release|Any CPU
	EndGlobalSection
	GlobalSection(SolutionProperties) = preSolution
		HideSolutionNode = FALSE
	EndGlobalSection
	GlobalSection(ExtensibilityGlobals) = postSolution
		SolutionGuid = {FBCA547E-1672-4D5F-9036-CA02D1E992E7}
	EndGlobalSection
EndGlobal
